
Microsoft Visual Studio Solution File, Format Version 12.00
# Visual Studio Version 17
VisualStudioVersion = 17.4.33213.308
MinimumVisualStudioVersion = 10.0.40219.1
Project("{FAE04EC0-301F-11D3-BF4B-00C04F79EFBC}") = "mathchinggame", "mathchinggame.csproj", "{F63D023C-1507-48EF-84DF-95EE71E1CCAE}"
EndProject
Global
	GlobalSection(SolutionConfigurationPlatforms) = preSolution
		Debug|Any CPU = Debug|Any CPU
		Release|Any CPU = Release|Any CPU
	EndGlobalSection
	GlobalSection(ProjectConfigurationPlatforms) = postSolution
		{F63D023C-1507-48EF-84DF-95EE71E1CCAE}.Debug|Any CPU.ActiveCfg = Debug|Any CPU
		{F63D023C-1507-48EF-84DF-95EE71E1CCAE}.Debug|Any CPU.Build.0 = Debug|Any CPU
		{F63D023C-1507-48EF-84DF-95EE71E1CCAE}.Release|Any CPU.ActiveCfg = Release|Any CPU
		{F63D023C-1507-48EF-84DF-95EE71E1CCAE}.Release|Any CPU.Build.0 = Release|Any CPU
	EndGlobalSection
	GlobalSection(SolutionProperties) = preSolution
		HideSolutionNode = FALSE
	EndGlobalSection
	GlobalSection(ExtensibilityGlobals) = postSolution
		SolutionGuid = {E07CCA0B-6D58-4C76-B85B-2F020CDB31D2}
	EndGlobalSection
EndGlobal
