
Microsoft Visual Studio Solution File, Format Version 12.00
# Visual Studio Version 17
VisualStudioVersion = 17.4.33213.308
MinimumVisualStudioVersion = 10.0.40219.1
Project("{FAE04EC0-301F-11D3-BF4B-00C04F79EFBC}") = "Primalitateanumerelor", "Primalitateanumerelor.csproj", "{F5CD0E0B-5780-4C6C-BF90-5816BBC4566B}"
EndProject
Global
	GlobalSection(SolutionConfigurationPlatforms) = preSolution
		Debug|Any CPU = Debug|Any CPU
		Release|Any CPU = Release|Any CPU
	EndGlobalSection
	GlobalSection(ProjectConfigurationPlatforms) = postSolution
		{F5CD0E0B-5780-4C6C-BF90-5816BBC4566B}.Debug|Any CPU.ActiveCfg = Debug|Any CPU
		{F5CD0E0B-5780-4C6C-BF90-5816BBC4566B}.Debug|Any CPU.Build.0 = Debug|Any CPU
		{F5CD0E0B-5780-4C6C-BF90-5816BBC4566B}.Release|Any CPU.ActiveCfg = Release|Any CPU
		{F5CD0E0B-5780-4C6C-BF90-5816BBC4566B}.Release|Any CPU.Build.0 = Release|Any CPU
	EndGlobalSection
	GlobalSection(SolutionProperties) = preSolution
		HideSolutionNode = FALSE
	EndGlobalSection
	GlobalSection(ExtensibilityGlobals) = postSolution
		SolutionGuid = {BBDC26DC-9D00-45A2-AB89-1E264B75382B}
	EndGlobalSection
EndGlobal
